
Microsoft Visual Studio Solution File, Format Version 12.00
# Visual Studio 14
VisualStudioVersion = 14.0.23107.0
MinimumVisualStudioVersion = 10.0.40219.1
Project("{FAE04EC0-301F-11D3-BF4B-00C04F79EFBC}") = "CodeWeaver.Vsix", "CodeWeaver.Vsix\CodeWeaver.Vsix.csproj", "{2320B5A8-061A-40B8-8B5A-D494E8609F33}"
EndProject
Project("{FAE04EC0-301F-11D3-BF4B-00C04F79EFBC}") = "CodeWeaver.Tests", "CodeWeaver.Tests\CodeWeaver.Tests.csproj", "{0A025EA0-6B79-4EE8-A8FC-8599514F9687}"
EndProject
Global
	GlobalSection(SolutionConfigurationPlatforms) = preSolution
		Debug|Any CPU = Debug|Any CPU
		Release|Any CPU = Release|Any CPU
	EndGlobalSection
	GlobalSection(ProjectConfigurationPlatforms) = postSolution
		{2320B5A8-061A-40B8-8B5A-D494E8609F33}.Debug|Any CPU.ActiveCfg = Debug|Any CPU
		{2320B5A8-061A-40B8-8B5A-D494E8609F33}.Debug|Any CPU.Build.0 = Debug|Any CPU
		{2320B5A8-061A-40B8-8B5A-D494E8609F33}.Release|Any CPU.ActiveCfg = Release|Any CPU
		{2320B5A8-061A-40B8-8B5A-D494E8609F33}.Release|Any CPU.Build.0 = Release|Any CPU
		{0A025EA0-6B79-4EE8-A8FC-8599514F9687}.Debug|Any CPU.ActiveCfg = Debug|Any CPU
		{0A025EA0-6B79-4EE8-A8FC-8599514F9687}.Debug|Any CPU.Build.0 = Debug|Any CPU
		{0A025EA0-6B79-4EE8-A8FC-8599514F9687}.Release|Any CPU.ActiveCfg = Release|Any CPU
		{0A025EA0-6B79-4EE8-A8FC-8599514F9687}.Release|Any CPU.Build.0 = Release|Any CPU
	EndGlobalSection
	GlobalSection(SolutionProperties) = preSolution
		HideSolutionNode = FALSE
	EndGlobalSection
EndGlobal
